
Microsoft Visual Studio Solution File, Format Version 12.00
# Visual Studio Version 16
VisualStudioVersion = 16.0.32228.343
MinimumVisualStudioVersion = 10.0.40219.1
Project("{FAE04EC0-301F-11D3-BF4B-00C04F79EFBC}") = "Hangman", "Hangman\Hangman.csproj", "{7879F1B1-06F6-4362-83DE-003B52E1C894}"
EndProject
Global
	GlobalSection(SolutionConfigurationPlatforms) = preSolution
		Debug|Any CPU = Debug|Any CPU
		Release|Any CPU = Release|Any CPU
	EndGlobalSection
	GlobalSection(ProjectConfigurationPlatforms) = postSolution
		{7879F1B1-06F6-4362-83DE-003B52E1C894}.Debug|Any CPU.ActiveCfg = Debug|Any CPU
		{7879F1B1-06F6-4362-83DE-003B52E1C894}.Debug|Any CPU.Build.0 = Debug|Any CPU
		{7879F1B1-06F6-4362-83DE-003B52E1C894}.Release|Any CPU.ActiveCfg = Release|Any CPU
		{7879F1B1-06F6-4362-83DE-003B52E1C894}.Release|Any CPU.Build.0 = Release|Any CPU
	EndGlobalSection
	GlobalSection(SolutionProperties) = preSolution
		HideSolutionNode = FALSE
	EndGlobalSection
	GlobalSection(ExtensibilityGlobals) = postSolution
		SolutionGuid = {89209815-13D8-4F6C-88E7-8CEDDEE42C95}
	EndGlobalSection
EndGlobal
